// !$*UTF8*$!
{
	archiveVersion = 1;
	classes = {
	};
	objectVersion = 48;
	objects = {

/* Begin PBXBuildFile section */
		A07CF89B1F943EDB005CA60F /* AppDelegate.swift in Sources */ = {isa = PBXBuildFile; fileRef = A07CF89A1F943EDB005CA60F /* AppDelegate.swift */; };
		A07CF89D1F943EDB005CA60F /* art.scnassets in Resources */ = {isa = PBXBuildFile; fileRef = A07CF89C1F943EDB005CA60F /* art.scnassets */; };
		A07CF89F1F943EDB005CA60F /* ViewController.swift in Sources */ = {isa = PBXBuildFile; fileRef = A07CF89E1F943EDB005CA60F /* ViewController.swift */; };
		A07CF8A21F943EDB005CA60F /* Main.storyboard in Resources */ = {isa = PBXBuildFile; fileRef = A07CF8A01F943EDB005CA60F /* Main.storyboard */; };
		A07CF8A41F943EDB005CA60F /* Assets.xcassets in Resources */ = {isa = PBXBuildFile; fileRef = A07CF8A31F943EDB005CA60F /* Assets.xcassets */; };
		A07CF8A71F943EDB005CA60F /* LaunchScreen.storyboard in Resources */ = {isa = PBXBuildFile; fileRef = A07CF8A51F943EDB005CA60F /* LaunchScreen.storyboard */; };
/* End PBXBuildFile section */

/* Begin PBXFileReference section */
		A07CF8971F943EDB005CA60F /* World.app */ = {isa = PBXFileReference; explicitFileType = wrapper.application; includeInIndex = 0; path = World.app; sourceTree = BUILT_PRODUCTS_DIR; };
		A07CF89A1F943EDB005CA60F /* AppDelegate.swift */ = {isa = PBXFileReference; lastKnownFileType = sourcecode.swift; path = AppDelegate.swift; sourceTree = "<group>"; };
		A07CF89C1F943EDB005CA60F /* art.scnassets */ = {isa = PBXFileReference; lastKnownFileType = wrapper.scnassets; path = art.scnassets; sourceTree = "<group>"; };
		A07CF89E1F943EDB005CA60F /* ViewController.swift */ = {isa = PBXFileReference; lastKnownFileType = sourcecode.swift; path = ViewController.swift; sourceTree = "<group>"; };
		A07CF8A11F943EDB005CA60F /* Base */ = {isa = PBXFileReference; lastKnownFileType = file.storyboard; name = Base; path = Base.lproj/Main.storyboard; sourceTree = "<group>"; };
		A07CF8A31F943EDB005CA60F /* Assets.xcassets */ = {isa = PBXFileReference; lastKnownFileType = folder.assetcatalog; path = Assets.xcassets; sourceTree = "<group>"; };
		A07CF8A61F943EDB005CA60F /* Base */ = {isa = PBXFileReference; lastKnownFileType = file.storyboard; name = Base; path = Base.lproj/LaunchScreen.storyboard; sourceTree = "<group>"; };
		A07CF8A81F943EDB005CA60F /* Info.plist */ = {isa = PBXFileReference; lastKnownFileType = text.plist.xml; path = Info.plist; sourceTree = "<group>"; };
/* End PBXFileReference section */

/* Begin PBXFrameworksBuildPhase section */
		A07CF8941F943EDB005CA60F /* Frameworks */ = {
			isa = PBXFrameworksBuildPhase;
			buildActionMask = 2147483647;
			files = (
			);
			runOnlyForDeploymentPostprocessing = 0;
		};
/* End PBXFrameworksBuildPhase section */

/* Begin PBXGroup section */
		A07CF88E1F943EDB005CA60F = {
			isa = PBXGroup;
			children = (
				A07CF8991F943EDB005CA60F /* World */,
				A07CF8981F943EDB005CA60F /* Products */,
			);
			sourceTree = "<group>";
		};
		A07CF8981F943EDB005CA60F /* Products */ = {
			isa = PBXGroup;
			children = (
				A07CF8971F943EDB005CA60F /* World.app */,
			);
			name = Products;
			sourceTree = "<group>";
		};
		A07CF8991F943EDB005CA60F /* World */ = {
			isa = PBXGroup;
			children = (
				A07CF89A1F943EDB005CA60F /* AppDelegate.swift */,
				A07CF89C1F943EDB005CA60F /* art.scnassets */,
				A07CF89E1F943EDB005CA60F /* ViewController.swift */,
				A07CF8A01F943EDB005CA60F /* Main.storyboard */,
				A07CF8A31F943EDB005CA60F /* Assets.xcassets */,
				A07CF8A51F943EDB005CA60F /* LaunchScreen.storyboard */,
				A07CF8A81F943EDB005CA60F /* Info.plist */,
			);
			path = World;
			sourceTree = "<group>";
		};
/* End PBXGroup section */

/* Begin PBXNativeTarget section */
		A07CF8961F943EDB005CA60F /* World */ = {
			isa = PBXNativeTarget;
			buildConfigurationList = A07CF8AB1F943EDB005CA60F /* Build configuration list for PBXNativeTarget "World" */;
			buildPhases = (
				A07CF8931F943EDB005CA60F /* Sources */,
				A07CF8941F943EDB005CA60F /* Frameworks */,
				A07CF8951F943EDB005CA60F /* Resources */,
			);
			buildRules = (
			);
			dependencies = (
			);
			name = World;
			productName = World;
			productReference = A07CF8971F943EDB005CA60F /* World.app */;
			productType = "com.apple.product-type.application";
		};
/* End PBXNativeTarget section */

/* Begin PBXProject section */
		A07CF88F1F943EDB005CA60F /* Project object */ = {
			isa = PBXProject;
			attributes = {
				LastSwiftUpdateCheck = 0900;
				LastUpgradeCheck = 0900;
				ORGANIZATIONNAME = admins;
				TargetAttributes = {
					A07CF8961F943EDB005CA60F = {
						CreatedOnToolsVersion = 9.0;
						ProvisioningStyle = Automatic;
					};
				};
			};
			buildConfigurationList = A07CF8921F943EDB005CA60F /* Build configuration list for PBXProject "World" */;
			compatibilityVersion = "Xcode 8.0";
			developmentRegion = en;
			hasScannedForEncodings = 0;
			knownRegions = (
				en,
				Base,
			);
			mainGroup = A07CF88E1F943EDB005CA60F;
			productRefGroup = A07CF8981F943EDB005CA60F /* Products */;
			projectDirPath = "";
			projectRoot = "";
			targets = (
				A07CF8961F943EDB005CA60F /* World */,
			);
		};
/* End PBXProject section */

/* Begin PBXResourcesBuildPhase section */
		A07CF8951F943EDB005CA60F /* Resources */ = {
			isa = PBXResourcesBuildPhase;
			buildActionMask = 2147483647;
			files = (
				A07CF89D1F943EDB005CA60F /* art.scnassets in Resources */,
				A07CF8A71F943EDB005CA60F /* LaunchScreen.storyboard in Resources */,
				A07CF8A41F943EDB005CA60F /* Assets.xcassets in Resources */,
				A07CF8A21F943EDB005CA60F /* Main.storyboard in Resources */,
			);
			runOnlyForDeploymentPostprocessing = 0;
		};
/* End PBXResourcesBuildPhase section */

/* Begin PBXSourcesBuildPhase section */
		A07CF8931F943EDB005CA60F /* Sources */ = {
			isa = PBXSourcesBuildPhase;
			buildActionMask = 2147483647;
			files = (
				A07CF89F1F943EDB005CA60F /* ViewController.swift in Sources */,
				A07CF89B1F943EDB005CA60F /* AppDelegate.swift in Sources */,
			);
			runOnlyForDeploymentPostprocessing = 0;
		};
/* End PBXSourcesBuildPhase section */

/* Begin PBXVariantGroup section */
		A07CF8A01F943EDB005CA60F /* Main.storyboard */ = {
			isa = PBXVariantGroup;
			children = (
				A07CF8A11F943EDB005CA60F /* Base */,
			);
			name = Main.storyboard;
			sourceTree = "<group>";
		};
		A07CF8A51F943EDB005CA60F /* LaunchScreen.storyboard */ = {
			isa = PBXVariantGroup;
			children = (
				A07CF8A61F943EDB005CA60F /* Base */,
			);
			name = LaunchScreen.storyboard;
			sourceTree = "<group>";
		};
/* End PBXVariantGroup section */

/* Begin XCBuildConfiguration section */
		A07CF8A91F943EDB005CA60F /* Debug */ = {
			isa = XCBuildConfiguration;
			buildSettings = {
				ALWAYS_SEARCH_USER_PATHS = NO;
				CLANG_ANALYZER_NONNULL = YES;
				CLANG_ANALYZER_NUMBER_OBJECT_CONVERSION = YES_AGGRESSIVE;
				CLANG_CXX_LANGUAGE_STANDARD = "gnu++14";
				CLANG_CXX_LIBRARY = "libc++";
				CLANG_ENABLE_MODULES = YES;
				CLANG_ENABLE_OBJC_ARC = YES;
				CLANG_WARN_BLOCK_CAPTURE_AUTORELEASING = YES;
				CLANG_WARN_BOOL_CONVERSION = YES;
				CLANG_WARN_COMMA = YES;
				CLANG_WARN_CONSTANT_CONVERSION = YES;
				CLANG_WARN_DIRECT_OBJC_ISA_USAGE = YES_ERROR;
				CLANG_WARN_DOCUMENTATION_COMMENTS = YES;
				CLANG_WARN_EMPTY_BODY = YES;
				CLANG_WARN_ENUM_CONVERSION = YES;
				CLANG_WARN_INFINITE_RECURSION = YES;
				CLANG_WARN_INT_CONVERSION = YES;
				CLANG_WARN_NON_LITERAL_NULL_CONVERSION = YES;
				CLANG_WARN_OBJC_LITERAL_CONVERSION = YES;
				CLANG_WARN_OBJC_ROOT_CLASS = YES_ERROR;
				CLANG_WARN_RANGE_LOOP_ANALYSIS = YES;
				CLANG_WARN_STRICT_PROTOTYPES = YES;
				CLANG_WARN_SUSPICIOUS_MOVE = YES;
				CLANG_WARN_UNGUARDED_AVAILABILITY = YES_AGGRESSIVE;
				CLANG_WARN_UNREACHABLE_CODE = YES;
				CLANG_WARN__DUPLICATE_METHOD_MATCH = YES;
				CODE_SIGN_IDENTITY = "iPhone Developer";
				COPY_PHASE_STRIP = NO;
				DEBUG_INFORMATION_FORMAT = dwarf;
				ENABLE_STRICT_OBJC_MSGSEND = YES;
				ENABLE_TESTABILITY = YES;
				GCC_C_LANGUAGE_STANDARD = gnu11;
				GCC_DYNAMIC_NO_PIC = NO;
				GCC_NO_COMMON_BLOCKS = YES;
				GCC_OPTIMIZATION_LEVEL = 0;
				GCC_PREPROCESSOR_DEFINITIONS = (
					"DEBUG=1",
					"$(inherited)",
				);
				GCC_WARN_64_TO_32_BIT_CONVERSION = YES;
				GCC_WARN_ABOUT_RETURN_TYPE = YES_ERROR;
				GCC_WARN_UNDECLARED_SELECTOR = YES;
				GCC_WARN_UNINITIALIZED_AUTOS = YES_AGGRESSIVE;
				GCC_WARN_UNUSED_FUNCTION = YES;
				GCC_WARN_UNUSED_VARIABLE = YES;
				IPHONEOS_DEPLOYMENT_TARGET = 11.0;
				MTL_ENABLE_DEBUG_INFO = YES;
				ONLY_ACTIVE_ARCH = YES;
				SDKROOT = iphoneos;
				SWIFT_ACTIVE_COMPILATION_CONDITIONS = DEBUG;
				SWIFT_OPTIMIZATION_LEVEL = "-Onone";
			};
			name = Debug;
		};
		A07CF8AA1F943EDB005CA60F /* Release */ = {
			isa = XCBuildConfiguration;
			buildSettings = {
				ALWAYS_SEARCH_USER_PATHS = NO;
				CLANG_ANALYZER_NONNULL = YES;
				CLANG_ANALYZER_NUMBER_OBJECT_CONVERSION = YES_AGGRESSIVE;
				CLANG_CXX_LANGUAGE_STANDARD = "gnu++14";
				CLANG_CXX_LIBRARY = "libc++";
				CLANG_ENABLE_MODULES = YES;
				CLANG_ENABLE_OBJC_ARC = YES;
				CLANG_WARN_BLOCK_CAPTURE_AUTORELEASING = YES;
				CLANG_WARN_BOOL_CONVERSION = YES;
				CLANG_WARN_COMMA = YES;
				CLANG_WARN_CONSTANT_CONVERSION = YES;
				CLANG_WARN_DIRECT_OBJC_ISA_USAGE = YES_ERROR;
				CLANG_WARN_DOCUMENTATION_COMMENTS = YES;
				CLANG_WARN_EMPTY_BODY = YES;
				CLANG_WARN_ENUM_CONVERSION = YES;
				CLANG_WARN_INFINITE_RECURSION = YES;
				CLANG_WARN_INT_CONVERSION = YES;
				CLANG_WARN_NON_LITERAL_NULL_CONVERSION = YES;
				CLANG_WARN_OBJC_LITERAL_CONVERSION = YES;
				CLANG_WARN_OBJC_ROOT_CLASS = YES_ERROR;
				CLANG_WARN_RANGE_LOOP_ANALYSIS = YES;
				CLANG_WARN_STRICT_PROTOTYPES = YES;
				CLANG_WARN_SUSPICIOUS_MOVE = YES;
				CLANG_WARN_UNGUARDED_AVAILABILITY = YES_AGGRESSIVE;
				CLANG_WARN_UNREACHABLE_CODE = YES;
				CLANG_WARN__DUPLICATE_METHOD_MATCH = YES;
				CODE_SIGN_IDENTITY = "iPhone Developer";
				COPY_PHASE_STRIP = NO;
				DEBUG_INFORMATION_FORMAT = "dwarf-with-dsym";
				ENABLE_NS_ASSERTIONS = NO;
				ENABLE_STRICT_OBJC_MSGSEND = YES;
				GCC_C_LANGUAGE_STANDARD = gnu11;
				GCC_NO_COMMON_BLOCKS = YES;
				GCC_WARN_64_TO_32_BIT_CONVERSION = YES;
				GCC_WARN_ABOUT_RETURN_TYPE = YES_ERROR;
				GCC_WARN_UNDECLARED_SELECTOR = YES;
				GCC_WARN_UNINITIALIZED_AUTOS = YES_AGGRESSIVE;
				GCC_WARN_UNUSED_FUNCTION = YES;
				GCC_WARN_UNUSED_VARIABLE = YES;
				IPHONEOS_DEPLOYMENT_TARGET = 11.0;
				MTL_ENABLE_DEBUG_INFO = NO;
				SDKROOT = iphoneos;
				SWIFT_OPTIMIZATION_LEVEL = "-Owholemodule";
				VALIDATE_PRODUCT = YES;
			};
			name = Release;
		};
		A07CF8AC1F943EDB005CA60F /* Debug */ = {
			isa = XCBuildConfiguration;
			buildSettings = {
				ASSETCATALOG_COMPILER_APPICON_NAME = AppIcon;
				CODE_SIGN_STYLE = Automatic;
				DEVELOPMENT_TEAM = 7595BBH37F;
				INFOPLIST_FILE = World/Info.plist;
				LD_RUNPATH_SEARCH_PATHS = "$(inherited) @executable_path/Frameworks";
				PRODUCT_BUNDLE_IDENTIFIER = com.yourcat.World;
				PRODUCT_NAME = "$(TARGET_NAME)";
				SWIFT_VERSION = 4.0;
				TARGETED_DEVICE_FAMILY = "1,2";
			};
			name = Debug;
		};
		A07CF8AD1F943EDB005CA60F /* Release */ = {
			isa = XCBuildConfiguration;
			buildSettings = {
				ASSETCATALOG_COMPILER_APPICON_NAME = AppIcon;
				CODE_SIGN_STYLE = Automatic;
				DEVELOPMENT_TEAM = 7595BBH37F;
				INFOPLIST_FILE = World/Info.plist;
				LD_RUNPATH_SEARCH_PATHS = "$(inherited) @executable_path/Frameworks";
				PRODUCT_BUNDLE_IDENTIFIER = com.yourcat.World;
				PRODUCT_NAME = "$(TARGET_NAME)";
				SWIFT_VERSION = 4.0;
				TARGETED_DEVICE_FAMILY = "1,2";
			};
			name = Release;
		};
/* End XCBuildConfiguration section */

/* Begin XCConfigurationList section */
		A07CF8921F943EDB005CA60F /* Build configuration list for PBXProject "World" */ = {
			isa = XCConfigurationList;
			buildConfigurations = (
				A07CF8A91F943EDB005CA60F /* Debug */,
				A07CF8AA1F943EDB005CA60F /* Release */,
			);
			defaultConfigurationIsVisible = 0;
			defaultConfigurationName = Release;
		};
		A07CF8AB1F943EDB005CA60F /* Build configuration list for PBXNativeTarget "World" */ = {
			isa = XCConfigurationList;
			buildConfigurations = (
				A07CF8AC1F943EDB005CA60F /* Debug */,
				A07CF8AD1F943EDB005CA60F /* Release */,
			);
			defaultConfigurationIsVisible = 0;
			defaultConfigurationName = Release;
		};
/* End XCConfigurationList section */
	};
	rootObject = A07CF88F1F943EDB005CA60F /* Project object */;
}
